
Microsoft Visual Studio Solution File, Format Version 12.00
# Visual Studio Version 17
VisualStudioVersion = 17.3.32811.315
MinimumVisualStudioVersion = 10.0.40219.1
Project("{FAE04EC0-301F-11D3-BF4B-00C04F79EFBC}") = "Prova1_PR2", "Prova1_PR2\Prova1_PR2.csproj", "{3E3B63D5-CA7B-4B2F-A14B-44C6407E908A}"
EndProject
Global
	GlobalSection(SolutionConfigurationPlatforms) = preSolution
		Debug|Any CPU = Debug|Any CPU
		Release|Any CPU = Release|Any CPU
	EndGlobalSection
	GlobalSection(ProjectConfigurationPlatforms) = postSolution
		{3E3B63D5-CA7B-4B2F-A14B-44C6407E908A}.Debug|Any CPU.ActiveCfg = Debug|Any CPU
		{3E3B63D5-CA7B-4B2F-A14B-44C6407E908A}.Debug|Any CPU.Build.0 = Debug|Any CPU
		{3E3B63D5-CA7B-4B2F-A14B-44C6407E908A}.Release|Any CPU.ActiveCfg = Release|Any CPU
		{3E3B63D5-CA7B-4B2F-A14B-44C6407E908A}.Release|Any CPU.Build.0 = Release|Any CPU
	EndGlobalSection
	GlobalSection(SolutionProperties) = preSolution
		HideSolutionNode = FALSE
	EndGlobalSection
	GlobalSection(ExtensibilityGlobals) = postSolution
		SolutionGuid = {94AAE274-A56C-4B30-AA5C-9A395212A6D5}
	EndGlobalSection
EndGlobal
